
Microsoft Visual Studio Solution File, Format Version 12.00
# Visual Studio Version 17
VisualStudioVersion = 17.7.34018.315
MinimumVisualStudioVersion = 10.0.40219.1
Project("{FAE04EC0-301F-11D3-BF4B-00C04F79EFBC}") = "FlowControl", "FlowControl\FlowControl.csproj", "{BDAC4CE5-48D3-4EBB-81E3-B99E7F30A91C}"
EndProject
Global
	GlobalSection(SolutionConfigurationPlatforms) = preSolution
		Debug|Any CPU = Debug|Any CPU
		Release|Any CPU = Release|Any CPU
	EndGlobalSection
	GlobalSection(ProjectConfigurationPlatforms) = postSolution
		{BDAC4CE5-48D3-4EBB-81E3-B99E7F30A91C}.Debug|Any CPU.ActiveCfg = Debug|Any CPU
		{BDAC4CE5-48D3-4EBB-81E3-B99E7F30A91C}.Debug|Any CPU.Build.0 = Debug|Any CPU
		{BDAC4CE5-48D3-4EBB-81E3-B99E7F30A91C}.Release|Any CPU.ActiveCfg = Release|Any CPU
		{BDAC4CE5-48D3-4EBB-81E3-B99E7F30A91C}.Release|Any CPU.Build.0 = Release|Any CPU
	EndGlobalSection
	GlobalSection(SolutionProperties) = preSolution
		HideSolutionNode = FALSE
	EndGlobalSection
	GlobalSection(ExtensibilityGlobals) = postSolution
		SolutionGuid = {2EF83999-9FA9-4858-A6DE-E2297EB3D7BF}
	EndGlobalSection
EndGlobal
